
Microsoft Visual Studio Solution File, Format Version 12.00
# Visual Studio Version 17
VisualStudioVersion = 17.13.35825.156
MinimumVisualStudioVersion = 10.0.40219.1
Project("{FAE04EC0-301F-11D3-BF4B-00C04F79EFBC}") = "BattleshipAPI", "BattleshipAPI.csproj", "{F3B5DD64-C4DB-4B2C-9E03-4B640F45A7CC}"
EndProject
Project("{FAE04EC0-301F-11D3-BF4B-00C04F79EFBC}") = "BattleshipConsole", "..\BattleshipConsole\BattleshipConsole.csproj", "{208F5E31-4548-429B-9A0A-1FA5EC498F04}"
EndProject
Global
	GlobalSection(SolutionConfigurationPlatforms) = preSolution
		Debug|Any CPU = Debug|Any CPU
		Release|Any CPU = Release|Any CPU
	EndGlobalSection
	GlobalSection(ProjectConfigurationPlatforms) = postSolution
		{F3B5DD64-C4DB-4B2C-9E03-4B640F45A7CC}.Debug|Any CPU.ActiveCfg = Debug|Any CPU
		{F3B5DD64-C4DB-4B2C-9E03-4B640F45A7CC}.Debug|Any CPU.Build.0 = Debug|Any CPU
		{F3B5DD64-C4DB-4B2C-9E03-4B640F45A7CC}.Release|Any CPU.ActiveCfg = Release|Any CPU
		{F3B5DD64-C4DB-4B2C-9E03-4B640F45A7CC}.Release|Any CPU.Build.0 = Release|Any CPU
		{208F5E31-4548-429B-9A0A-1FA5EC498F04}.Debug|Any CPU.ActiveCfg = Debug|Any CPU
		{208F5E31-4548-429B-9A0A-1FA5EC498F04}.Debug|Any CPU.Build.0 = Debug|Any CPU
		{208F5E31-4548-429B-9A0A-1FA5EC498F04}.Release|Any CPU.ActiveCfg = Release|Any CPU
		{208F5E31-4548-429B-9A0A-1FA5EC498F04}.Release|Any CPU.Build.0 = Release|Any CPU
	EndGlobalSection
	GlobalSection(SolutionProperties) = preSolution
		HideSolutionNode = FALSE
	EndGlobalSection
	GlobalSection(ExtensibilityGlobals) = postSolution
		SolutionGuid = {C7E41E06-90EC-4329-A56D-9DF3F792E431}
	EndGlobalSection
EndGlobal
